
Microsoft Visual Studio Solution File, Format Version 12.00
# Visual Studio Version 17
VisualStudioVersion = 17.1.32328.378
MinimumVisualStudioVersion = 10.0.40219.1
Project("{FAE04EC0-301F-11D3-BF4B-00C04F79EFBC}") = "AtaCreator", "AtaCreator\AtaCreator.csproj", "{4A19B8FB-76B9-4A26-B1D0-327DFF51E717}"
EndProject
Global
	GlobalSection(SolutionConfigurationPlatforms) = preSolution
		Debug|Any CPU = Debug|Any CPU
		Release|Any CPU = Release|Any CPU
	EndGlobalSection
	GlobalSection(ProjectConfigurationPlatforms) = postSolution
		{4A19B8FB-76B9-4A26-B1D0-327DFF51E717}.Debug|Any CPU.ActiveCfg = Debug|Any CPU
		{4A19B8FB-76B9-4A26-B1D0-327DFF51E717}.Debug|Any CPU.Build.0 = Debug|Any CPU
		{4A19B8FB-76B9-4A26-B1D0-327DFF51E717}.Release|Any CPU.ActiveCfg = Release|Any CPU
		{4A19B8FB-76B9-4A26-B1D0-327DFF51E717}.Release|Any CPU.Build.0 = Release|Any CPU
	EndGlobalSection
	GlobalSection(SolutionProperties) = preSolution
		HideSolutionNode = FALSE
	EndGlobalSection
	GlobalSection(ExtensibilityGlobals) = postSolution
		SolutionGuid = {3F565BBB-6FD6-4BD3-83A7-D55F65094A5A}
	EndGlobalSection
EndGlobal
